{
  "lockfileVersion": 1,
  "configVersion": 1,
  "workspaces": {
    "": {
      "name": "careerpilot",
      "devDependencies": {
        "turbo": "2.11.2",
      },
    },
  },
  "packages": {
    "@turbo/darwin-64": ["@turbo/darwin-64@2.11.2", "https://europe-west1-npm.pkg.dev/lovable-core-prod/sandbox-npm-cache/@turbo/darwin-64/-/darwin-64-2.11.2.tgz", { "os": "darwin", "cpu": "x64" }, "sha512-0pGfE4Lpxrbd+6gUD9z025Tn4z9uMaSNZ3VX0H/hkUPZkjY5xrCa1NfTqocs09NM5NiYE3wEVcoYBadrhayRCA=="],

    "@turbo/darwin-arm64": ["@turbo/darwin-arm64@2.11.2", "https://europe-west1-npm.pkg.dev/lovable-core-prod/sandbox-npm-cache/@turbo/darwin-arm64/-/darwin-arm64-2.11.2.tgz", { "os": "darwin", "cpu": "arm64" }, "sha512-Ub7hTbu0bPSiW156ciuLCexG5/SfuZM/QWeBBh9o8P4XyKiZwKqubT6Y9DdJjdp4ZY2wS47Prdl06Xxzt0q6zw=="],

    "@turbo/linux-64": ["@turbo/linux-64@2.11.2", "https://europe-west1-npm.pkg.dev/lovable-core-prod/sandbox-npm-cache/@turbo/linux-64/-/linux-64-2.11.2.tgz", { "os": [ "linux", "android", ], "cpu": "x64" }, "sha512-8ipdmgmvSomfQ8E9afUsefO+BLO6QMW7srrHqMOCXD3BPX4FlYqqWAJY1GvbQotZMWKzNohdVkevrUYM6ZzYKA=="],

    "@turbo/linux-arm64": ["@turbo/linux-arm64@2.11.2", "https://europe-west1-npm.pkg.dev/lovable-core-prod/sandbox-npm-cache/@turbo/linux-arm64/-/linux-arm64-2.11.2.tgz", { "os": [ "linux", "android", ], "cpu": "arm64" }, "sha512-tsftYXAzgc+GdosqyRP8+Zzk2evJ8ej7Otal7/DU+6GVekVZ3kqM/z7zlGuF4TSHeetWxX04KN1I64LkmvYzgg=="],

    "@turbo/windows-64": ["@turbo/windows-64@2.11.2", "https://europe-west1-npm.pkg.dev/lovable-core-prod/sandbox-npm-cache/@turbo/windows-64/-/windows-64-2.11.2.tgz", { "os": "win32", "cpu": "x64" }, "sha512-p5LDVcGmC8W6FCrJPehr1t0ZvYqM8xvG3Va+LkwtDMK3Rl0NhSsJOYbYZVBfMbkm+9RKcCvekFCbSVtQ9Eyuqg=="],

    "@turbo/windows-arm64": ["@turbo/windows-arm64@2.11.2", "https://europe-west1-npm.pkg.dev/lovable-core-prod/sandbox-npm-cache/@turbo/windows-arm64/-/windows-arm64-2.11.2.tgz", { "os": "win32", "cpu": "arm64" }, "sha512-u0M3m1aXo9lpDM/2iQhxlGzgWjHFq/MC4TqHn1YAvxk8g1wGtzRB2QBx/SLqRChhPhC29mzaB8eLcxKh/pcM1g=="],

    "turbo": ["turbo@2.11.2", "https://europe-west1-npm.pkg.dev/lovable-core-prod/sandbox-npm-cache/turbo/-/turbo-2.11.2.tgz", { "optionalDependencies": { "@turbo/darwin-64": "2.11.2", "@turbo/darwin-arm64": "2.11.2", "@turbo/linux-64": "2.11.2", "@turbo/linux-arm64": "2.11.2", "@turbo/windows-64": "2.11.2", "@turbo/windows-arm64": "2.11.2" }, "bin": { "turbo": "bin/turbo" } }, "sha512-s0GhnWXlAAN+wb2GRMQxnZgFweRWTAceRWW/4Lk9iHj7QuLZMjDxQQqu+Xoh7Nckuy8UiSim520w6yqP2+ertw=="],
  }
}
